// !$*UTF8*$!
{
	archiveVersion = 1;
	classes = {
	};
	objectVersion = 50;
	objects = {

/* Begin PBXBuildFile section */
		7E8A662D2833DD3E00B3E4F3 /* AppDelegate.m in Sources */ = {isa = PBXBuildFile; fileRef = 7E8A662C2833DD3E00B3E4F3 /* AppDelegate.m */; };
		7E8A66302833DD3E00B3E4F3 /* SceneDelegate.m in Sources */ = {isa = PBXBuildFile; fileRef = 7E8A662F2833DD3E00B3E4F3 /* SceneDelegate.m */; };
		7E8A66332833DD3E00B3E4F3 /* ViewController.m in Sources */ = {isa = PBXBuildFile; fileRef = 7E8A66322833DD3E00B3E4F3 /* ViewController.m */; };
		7E8A66362833DD3E00B3E4F3 /* Main.storyboard in Resources */ = {isa = PBXBuildFile; fileRef = 7E8A66342833DD3E00B3E4F3 /* Main.storyboard */; };
		7E8A66382833DD4700B3E4F3 /* Assets.xcassets in Resources */ = {isa = PBXBuildFile; fileRef = 7E8A66372833DD4700B3E4F3 /* Assets.xcassets */; };
		7E8A663B2833DD4700B3E4F3 /* LaunchScreen.storyboard in Resources */ = {isa = PBXBuildFile; fileRef = 7E8A66392833DD4700B3E4F3 /* LaunchScreen.storyboard */; };
		7E8A663E2833DD4700B3E4F3 /* main.m in Sources */ = {isa = PBXBuildFile; fileRef = 7E8A663D2833DD4700B3E4F3 /* main.m */; };
		7E8A66482833DD4700B3E4F3 /* GlogDemoTests.m in Sources */ = {isa = PBXBuildFile; fileRef = 7E8A66472833DD4700B3E4F3 /* GlogDemoTests.m */; };
		7E8A66532833DD4700B3E4F3 /* GlogDemoUITests.m in Sources */ = {isa = PBXBuildFile; fileRef = 7E8A66522833DD4700B3E4F3 /* GlogDemoUITests.m */; };
/* End PBXBuildFile section */

/* Begin PBXContainerItemProxy section */
		7E801D3E286953380010FBE4 /* PBXContainerItemProxy */ = {
			isa = PBXContainerItemProxy;
			containerPortal = 7E8A66632833DD7D00B3E4F3 /* Glog.xcodeproj */;
			proxyType = 2;
			remoteGlobalIDString = 7E801D3B2869530C0010FBE4;
			remoteInfo = GlogTests;
		};
		7E8A66442833DD4700B3E4F3 /* PBXContainerItemProxy */ = {
			isa = PBXContainerItemProxy;
			containerPortal = 7E8A66202833DD3E00B3E4F3 /* Project object */;
			proxyType = 1;
			remoteGlobalIDString = 7E8A66272833DD3E00B3E4F3;
			remoteInfo = GlogDemo;
		};
		7E8A664F2833DD4700B3E4F3 /* PBXContainerItemProxy */ = {
			isa = PBXContainerItemProxy;
			containerPortal = 7E8A66202833DD3E00B3E4F3 /* Project object */;
			proxyType = 1;
			remoteGlobalIDString = 7E8A66272833DD3E00B3E4F3;
			remoteInfo = GlogDemo;
		};
		7E8A666A2833DD7D00B3E4F3 /* PBXContainerItemProxy */ = {
			isa = PBXContainerItemProxy;
			containerPortal = 7E8A66632833DD7D00B3E4F3 /* Glog.xcodeproj */;
			proxyType = 2;
			remoteGlobalIDString = 7EF5D8DE25F23D8000B69A22;
			remoteInfo = Glog;
		};
		7E8A66712833DDBC00B3E4F3 /* PBXContainerItemProxy */ = {
			isa = PBXContainerItemProxy;
			containerPortal = 7E8A66632833DD7D00B3E4F3 /* Glog.xcodeproj */;
			proxyType = 1;
			remoteGlobalIDString = 7EF5D8DD25F23D8000B69A22;
			remoteInfo = Glog;
		};
/* End PBXContainerItemProxy section */

/* Begin PBXFileReference section */
		7E8A66282833DD3E00B3E4F3 /* GlogDemo.app */ = {isa = PBXFileReference; explicitFileType = wrapper.application; includeInIndex = 0; path = GlogDemo.app; sourceTree = BUILT_PRODUCTS_DIR; };
		7E8A662B2833DD3E00B3E4F3 /* AppDelegate.h */ = {isa = PBXFileReference; lastKnownFileType = sourcecode.c.h; path = AppDelegate.h; sourceTree = "<group>"; };
		7E8A662C2833DD3E00B3E4F3 /* AppDelegate.m */ = {isa = PBXFileReference; lastKnownFileType = sourcecode.c.objc; path = AppDelegate.m; sourceTree = "<group>"; };
		7E8A662E2833DD3E00B3E4F3 /* SceneDelegate.h */ = {isa = PBXFileReference; lastKnownFileType = sourcecode.c.h; path = SceneDelegate.h; sourceTree = "<group>"; };
		7E8A662F2833DD3E00B3E4F3 /* SceneDelegate.m */ = {isa = PBXFileReference; lastKnownFileType = sourcecode.c.objc; path = SceneDelegate.m; sourceTree = "<group>"; };
		7E8A66312833DD3E00B3E4F3 /* ViewController.h */ = {isa = PBXFileReference; lastKnownFileType = sourcecode.c.h; path = ViewController.h; sourceTree = "<group>"; };
		7E8A66322833DD3E00B3E4F3 /* ViewController.m */ = {isa = PBXFileReference; lastKnownFileType = sourcecode.c.objc; path = ViewController.m; sourceTree = "<group>"; };
		7E8A66352833DD3E00B3E4F3 /* Base */ = {isa = PBXFileReference; lastKnownFileType = file.storyboard; name = Base; path = Base.lproj/Main.storyboard; sourceTree = "<group>"; };
		7E8A66372833DD4700B3E4F3 /* Assets.xcassets */ = {isa = PBXFileReference; lastKnownFileType = folder.assetcatalog; path = Assets.xcassets; sourceTree = "<group>"; };
		7E8A663A2833DD4700B3E4F3 /* Base */ = {isa = PBXFileReference; lastKnownFileType = file.storyboard; name = Base; path = Base.lproj/LaunchScreen.storyboard; sourceTree = "<group>"; };
		7E8A663C2833DD4700B3E4F3 /* Info.plist */ = {isa = PBXFileReference; lastKnownFileType = text.plist.xml; path = Info.plist; sourceTree = "<group>"; };
		7E8A663D2833DD4700B3E4F3 /* main.m */ = {isa = PBXFileReference; lastKnownFileType = sourcecode.c.objc; path = main.m; sourceTree = "<group>"; };
		7E8A66432833DD4700B3E4F3 /* GlogDemoTests.xctest */ = {isa = PBXFileReference; explicitFileType = wrapper.cfbundle; includeInIndex = 0; path = GlogDemoTests.xctest; sourceTree = BUILT_PRODUCTS_DIR; };
		7E8A66472833DD4700B3E4F3 /* GlogDemoTests.m */ = {isa = PBXFileReference; lastKnownFileType = sourcecode.c.objc; path = GlogDemoTests.m; sourceTree = "<group>"; };
		7E8A66492833DD4700B3E4F3 /* Info.plist */ = {isa = PBXFileReference; lastKnownFileType = text.plist.xml; path = Info.plist; sourceTree = "<group>"; };
		7E8A664E2833DD4700B3E4F3 /* GlogDemoUITests.xctest */ = {isa = PBXFileReference; explicitFileType = wrapper.cfbundle; includeInIndex = 0; path = GlogDemoUITests.xctest; sourceTree = BUILT_PRODUCTS_DIR; };
		7E8A66522833DD4700B3E4F3 /* GlogDemoUITests.m */ = {isa = PBXFileReference; lastKnownFileType = sourcecode.c.objc; path = GlogDemoUITests.m; sourceTree = "<group>"; };
		7E8A66542833DD4700B3E4F3 /* Info.plist */ = {isa = PBXFileReference; lastKnownFileType = text.plist.xml; path = Info.plist; sourceTree = "<group>"; };
		7E8A66632833DD7D00B3E4F3 /* Glog.xcodeproj */ = {isa = PBXFileReference; lastKnownFileType = "wrapper.pb-project"; name = Glog.xcodeproj; path = ../Glog/Glog.xcodeproj; sourceTree = "<group>"; };
		7E8A66752833DDCE00B3E4F3 /* libGlogCore.a */ = {isa = PBXFileReference; explicitFileType = archive.ar; path = libGlogCore.a; sourceTree = BUILT_PRODUCTS_DIR; };
/* End PBXFileReference section */

/* Begin PBXFrameworksBuildPhase section */
		7E8A66252833DD3E00B3E4F3 /* Frameworks */ = {
			isa = PBXFrameworksBuildPhase;
			buildActionMask = 2147483647;
			files = (
			);
			runOnlyForDeploymentPostprocessing = 0;
		};
		7E8A66402833DD4700B3E4F3 /* Frameworks */ = {
			isa = PBXFrameworksBuildPhase;
			buildActionMask = 2147483647;
			files = (
			);
			runOnlyForDeploymentPostprocessing = 0;
		};
		7E8A664B2833DD4700B3E4F3 /* Frameworks */ = {
			isa = PBXFrameworksBuildPhase;
			buildActionMask = 2147483647;
			files = (
			);
			runOnlyForDeploymentPostprocessing = 0;
		};
/* End PBXFrameworksBuildPhase section */

/* Begin PBXGroup section */
		7E8A661F2833DD3E00B3E4F3 = {
			isa = PBXGroup;
			children = (
				7E8A66632833DD7D00B3E4F3 /* Glog.xcodeproj */,
				7E8A662A2833DD3E00B3E4F3 /* GlogDemo */,
				7E8A66462833DD4700B3E4F3 /* GlogDemoTests */,
				7E8A66512833DD4700B3E4F3 /* GlogDemoUITests */,
				7E8A66292833DD3E00B3E4F3 /* Products */,
				7E8A66732833DDCA00B3E4F3 /* Frameworks */,
			);
			sourceTree = "<group>";
		};
		7E8A66292833DD3E00B3E4F3 /* Products */ = {
			isa = PBXGroup;
			children = (
				7E8A66282833DD3E00B3E4F3 /* GlogDemo.app */,
				7E8A66432833DD4700B3E4F3 /* GlogDemoTests.xctest */,
				7E8A664E2833DD4700B3E4F3 /* GlogDemoUITests.xctest */,
			);
			name = Products;
			sourceTree = "<group>";
		};
		7E8A662A2833DD3E00B3E4F3 /* GlogDemo */ = {
			isa = PBXGroup;
			children = (
				7E8A662B2833DD3E00B3E4F3 /* AppDelegate.h */,
				7E8A662C2833DD3E00B3E4F3 /* AppDelegate.m */,
				7E8A662E2833DD3E00B3E4F3 /* SceneDelegate.h */,
				7E8A662F2833DD3E00B3E4F3 /* SceneDelegate.m */,
				7E8A66312833DD3E00B3E4F3 /* ViewController.h */,
				7E8A66322833DD3E00B3E4F3 /* ViewController.m */,
				7E8A66342833DD3E00B3E4F3 /* Main.storyboard */,
				7E8A66372833DD4700B3E4F3 /* Assets.xcassets */,
				7E8A66392833DD4700B3E4F3 /* LaunchScreen.storyboard */,
				7E8A663C2833DD4700B3E4F3 /* Info.plist */,
				7E8A663D2833DD4700B3E4F3 /* main.m */,
			);
			path = GlogDemo;
			sourceTree = "<group>";
		};
		7E8A66462833DD4700B3E4F3 /* GlogDemoTests */ = {
			isa = PBXGroup;
			children = (
				7E8A66472833DD4700B3E4F3 /* GlogDemoTests.m */,
				7E8A66492833DD4700B3E4F3 /* Info.plist */,
			);
			path = GlogDemoTests;
			sourceTree = "<group>";
		};
		7E8A66512833DD4700B3E4F3 /* GlogDemoUITests */ = {
			isa = PBXGroup;
			children = (
				7E8A66522833DD4700B3E4F3 /* GlogDemoUITests.m */,
				7E8A66542833DD4700B3E4F3 /* Info.plist */,
			);
			path = GlogDemoUITests;
			sourceTree = "<group>";
		};
		7E8A66642833DD7D00B3E4F3 /* Products */ = {
			isa = PBXGroup;
			children = (
				7E8A666B2833DD7D00B3E4F3 /* Glog.framework */,
				7E801D3F286953380010FBE4 /* GlogTests.xctest */,
			);
			name = Products;
			sourceTree = "<group>";
		};
		7E8A66732833DDCA00B3E4F3 /* Frameworks */ = {
			isa = PBXGroup;
			children = (
				7E8A66752833DDCE00B3E4F3 /* libGlogCore.a */,
			);
			name = Frameworks;
			sourceTree = "<group>";
		};
/* End PBXGroup section */

/* Begin PBXNativeTarget section */
		7E8A66272833DD3E00B3E4F3 /* GlogDemo */ = {
			isa = PBXNativeTarget;
			buildConfigurationList = 7E8A66572833DD4700B3E4F3 /* Build configuration list for PBXNativeTarget "GlogDemo" */;
			buildPhases = (
				7E8A66242833DD3E00B3E4F3 /* Sources */,
				7E8A66252833DD3E00B3E4F3 /* Frameworks */,
				7E8A66262833DD3E00B3E4F3 /* Resources */,
			);
			buildRules = (
			);
			dependencies = (
				7E8A66722833DDBC00B3E4F3 /* PBXTargetDependency */,
			);
			name = GlogDemo;
			productName = GlogDemo;
			productReference = 7E8A66282833DD3E00B3E4F3 /* GlogDemo.app */;
			productType = "com.apple.product-type.application";
		};
		7E8A66422833DD4700B3E4F3 /* GlogDemoTests */ = {
			isa = PBXNativeTarget;
			buildConfigurationList = 7E8A665A2833DD4700B3E4F3 /* Build configuration list for PBXNativeTarget "GlogDemoTests" */;
			buildPhases = (
				7E8A663F2833DD4700B3E4F3 /* Sources */,
				7E8A66402833DD4700B3E4F3 /* Frameworks */,
				7E8A66412833DD4700B3E4F3 /* Resources */,
			);
			buildRules = (
			);
			dependencies = (
				7E8A66452833DD4700B3E4F3 /* PBXTargetDependency */,
			);
			name = GlogDemoTests;
			productName = GlogDemoTests;
			productReference = 7E8A66432833DD4700B3E4F3 /* GlogDemoTests.xctest */;
			productType = "com.apple.product-type.bundle.unit-test";
		};
		7E8A664D2833DD4700B3E4F3 /* GlogDemoUITests */ = {
			isa = PBXNativeTarget;
			buildConfigurationList = 7E8A665D2833DD4700B3E4F3 /* Build configuration list for PBXNativeTarget "GlogDemoUITests" */;
			buildPhases = (
				7E8A664A2833DD4700B3E4F3 /* Sources */,
				7E8A664B2833DD4700B3E4F3 /* Frameworks */,
				7E8A664C2833DD4700B3E4F3 /* Resources */,
			);
			buildRules = (
			);
			dependencies = (
				7E8A66502833DD4700B3E4F3 /* PBXTargetDependency */,
			);
			name = GlogDemoUITests;
			productName = GlogDemoUITests;
			productReference = 7E8A664E2833DD4700B3E4F3 /* GlogDemoUITests.xctest */;
			productType = "com.apple.product-type.bundle.ui-testing";
		};
/* End PBXNativeTarget section */

/* Begin PBXProject section */
		7E8A66202833DD3E00B3E4F3 /* Project object */ = {
			isa = PBXProject;
			attributes = {
				LastUpgradeCheck = 1240;
				TargetAttributes = {
					7E8A66272833DD3E00B3E4F3 = {
						CreatedOnToolsVersion = 12.4;
					};
					7E8A66422833DD4700B3E4F3 = {
						CreatedOnToolsVersion = 12.4;
						TestTargetID = 7E8A66272833DD3E00B3E4F3;
					};
					7E8A664D2833DD4700B3E4F3 = {
						CreatedOnToolsVersion = 12.4;
						TestTargetID = 7E8A66272833DD3E00B3E4F3;
					};
				};
			};
			buildConfigurationList = 7E8A66232833DD3E00B3E4F3 /* Build configuration list for PBXProject "GlogDemo" */;
			compatibilityVersion = "Xcode 9.3";
			developmentRegion = en;
			hasScannedForEncodings = 0;
			knownRegions = (
				en,
				Base,
			);
			mainGroup = 7E8A661F2833DD3E00B3E4F3;
			productRefGroup = 7E8A66292833DD3E00B3E4F3 /* Products */;
			projectDirPath = "";
			projectReferences = (
				{
					ProductGroup = 7E8A66642833DD7D00B3E4F3 /* Products */;
					ProjectRef = 7E8A66632833DD7D00B3E4F3 /* Glog.xcodeproj */;
				},
			);
			projectRoot = "";
			targets = (
				7E8A66272833DD3E00B3E4F3 /* GlogDemo */,
				7E8A66422833DD4700B3E4F3 /* GlogDemoTests */,
				7E8A664D2833DD4700B3E4F3 /* GlogDemoUITests */,
			);
		};
/* End PBXProject section */

/* Begin PBXReferenceProxy section */
		7E801D3F286953380010FBE4 /* GlogTests.xctest */ = {
			isa = PBXReferenceProxy;
			fileType = wrapper.cfbundle;
			path = GlogTests.xctest;
			remoteRef = 7E801D3E286953380010FBE4 /* PBXContainerItemProxy */;
			sourceTree = BUILT_PRODUCTS_DIR;
		};
		7E8A666B2833DD7D00B3E4F3 /* Glog.framework */ = {
			isa = PBXReferenceProxy;
			fileType = wrapper.framework;
			path = Glog.framework;
			remoteRef = 7E8A666A2833DD7D00B3E4F3 /* PBXContainerItemProxy */;
			sourceTree = BUILT_PRODUCTS_DIR;
		};
/* End PBXReferenceProxy section */

/* Begin PBXResourcesBuildPhase section */
		7E8A66262833DD3E00B3E4F3 /* Resources */ = {
			isa = PBXResourcesBuildPhase;
			buildActionMask = 2147483647;
			files = (
				7E8A663B2833DD4700B3E4F3 /* LaunchScreen.storyboard in Resources */,
				7E8A66382833DD4700B3E4F3 /* Assets.xcassets in Resources */,
				7E8A66362833DD3E00B3E4F3 /* Main.storyboard in Resources */,
			);
			runOnlyForDeploymentPostprocessing = 0;
		};
		7E8A66412833DD4700B3E4F3 /* Resources */ = {
			isa = PBXResourcesBuildPhase;
			buildActionMask = 2147483647;
			files = (
			);
			runOnlyForDeploymentPostprocessing = 0;
		};
		7E8A664C2833DD4700B3E4F3 /* Resources */ = {
			isa = PBXResourcesBuildPhase;
			buildActionMask = 2147483647;
			files = (
			);
			runOnlyForDeploymentPostprocessing = 0;
		};
/* End PBXResourcesBuildPhase section */

/* Begin PBXSourcesBuildPhase section */
		7E8A66242833DD3E00B3E4F3 /* Sources */ = {
			isa = PBXSourcesBuildPhase;
			buildActionMask = 2147483647;
			files = (
				7E8A66332833DD3E00B3E4F3 /* ViewController.m in Sources */,
				7E8A662D2833DD3E00B3E4F3 /* AppDelegate.m in Sources */,
				7E8A663E2833DD4700B3E4F3 /* main.m in Sources */,
				7E8A66302833DD3E00B3E4F3 /* SceneDelegate.m in Sources */,
			);
			runOnlyForDeploymentPostprocessing = 0;
		};
		7E8A663F2833DD4700B3E4F3 /* Sources */ = {
			isa = PBXSourcesBuildPhase;
			buildActionMask = 2147483647;
			files = (
				7E8A66482833DD4700B3E4F3 /* GlogDemoTests.m in Sources */,
			);
			runOnlyForDeploymentPostprocessing = 0;
		};
		7E8A664A2833DD4700B3E4F3 /* Sources */ = {
			isa = PBXSourcesBuildPhase;
			buildActionMask = 2147483647;
			files = (
				7E8A66532833DD4700B3E4F3 /* GlogDemoUITests.m in Sources */,
			);
			runOnlyForDeploymentPostprocessing = 0;
		};
/* End PBXSourcesBuildPhase section */

/* Begin PBXTargetDependency section */
		7E8A66452833DD4700B3E4F3 /* PBXTargetDependency */ = {
			isa = PBXTargetDependency;
			target = 7E8A66272833DD3E00B3E4F3 /* GlogDemo */;
			targetProxy = 7E8A66442833DD4700B3E4F3 /* PBXContainerItemProxy */;
		};
		7E8A66502833DD4700B3E4F3 /* PBXTargetDependency */ = {
			isa = PBXTargetDependency;
			target = 7E8A66272833DD3E00B3E4F3 /* GlogDemo */;
			targetProxy = 7E8A664F2833DD4700B3E4F3 /* PBXContainerItemProxy */;
		};
		7E8A66722833DDBC00B3E4F3 /* PBXTargetDependency */ = {
			isa = PBXTargetDependency;
			name = Glog;
			targetProxy = 7E8A66712833DDBC00B3E4F3 /* PBXContainerItemProxy */;
		};
/* End PBXTargetDependency section */

/* Begin PBXVariantGroup section */
		7E8A66342833DD3E00B3E4F3 /* Main.storyboard */ = {
			isa = PBXVariantGroup;
			children = (
				7E8A66352833DD3E00B3E4F3 /* Base */,
			);
			name = Main.storyboard;
			sourceTree = "<group>";
		};
		7E8A66392833DD4700B3E4F3 /* LaunchScreen.storyboard */ = {
			isa = PBXVariantGroup;
			children = (
				7E8A663A2833DD4700B3E4F3 /* Base */,
			);
			name = LaunchScreen.storyboard;
			sourceTree = "<group>";
		};
/* End PBXVariantGroup section */

/* Begin XCBuildConfiguration section */
		7E8A66552833DD4700B3E4F3 /* Debug */ = {
			isa = XCBuildConfiguration;
			buildSettings = {
				ALWAYS_SEARCH_USER_PATHS = NO;
				CLANG_ANALYZER_NONNULL = YES;
				CLANG_ANALYZER_NUMBER_OBJECT_CONVERSION = YES_AGGRESSIVE;
				CLANG_CXX_LANGUAGE_STANDARD = "gnu++14";
				CLANG_CXX_LIBRARY = "libc++";
				CLANG_ENABLE_MODULES = YES;
				CLANG_ENABLE_OBJC_ARC = YES;
				CLANG_ENABLE_OBJC_WEAK = YES;
				CLANG_WARN_BLOCK_CAPTURE_AUTORELEASING = YES;
				CLANG_WARN_BOOL_CONVERSION = YES;
				CLANG_WARN_COMMA = YES;
				CLANG_WARN_CONSTANT_CONVERSION = YES;
				CLANG_WARN_DEPRECATED_OBJC_IMPLEMENTATIONS = YES;
				CLANG_WARN_DIRECT_OBJC_ISA_USAGE = YES_ERROR;
				CLANG_WARN_DOCUMENTATION_COMMENTS = YES;
				CLANG_WARN_EMPTY_BODY = YES;
				CLANG_WARN_ENUM_CONVERSION = YES;
				CLANG_WARN_INFINITE_RECURSION = YES;
				CLANG_WARN_INT_CONVERSION = YES;
				CLANG_WARN_NON_LITERAL_NULL_CONVERSION = YES;
				CLANG_WARN_OBJC_IMPLICIT_RETAIN_SELF = YES;
				CLANG_WARN_OBJC_LITERAL_CONVERSION = YES;
				CLANG_WARN_OBJC_ROOT_CLASS = YES_ERROR;
				CLANG_WARN_QUOTED_INCLUDE_IN_FRAMEWORK_HEADER = YES;
				CLANG_WARN_RANGE_LOOP_ANALYSIS = YES;
				CLANG_WARN_STRICT_PROTOTYPES = YES;
				CLANG_WARN_SUSPICIOUS_MOVE = YES;
				CLANG_WARN_UNGUARDED_AVAILABILITY = YES_AGGRESSIVE;
				CLANG_WARN_UNREACHABLE_CODE = YES;
				CLANG_WARN__DUPLICATE_METHOD_MATCH = YES;
				COPY_PHASE_STRIP = NO;
				DEBUG_INFORMATION_FORMAT = dwarf;
				ENABLE_STRICT_OBJC_MSGSEND = YES;
				ENABLE_TESTABILITY = YES;
				GCC_C_LANGUAGE_STANDARD = gnu11;
				GCC_DYNAMIC_NO_PIC = NO;
				GCC_NO_COMMON_BLOCKS = YES;
				GCC_OPTIMIZATION_LEVEL = 0;
				GCC_PREPROCESSOR_DEFINITIONS = (
					"DEBUG=1",
					"$(inherited)",
				);
				GCC_WARN_64_TO_32_BIT_CONVERSION = YES;
				GCC_WARN_ABOUT_RETURN_TYPE = YES_ERROR;
				GCC_WARN_UNDECLARED_SELECTOR = YES;
				GCC_WARN_UNINITIALIZED_AUTOS = YES_AGGRESSIVE;
				GCC_WARN_UNUSED_FUNCTION = YES;
				GCC_WARN_UNUSED_VARIABLE = YES;
				IPHONEOS_DEPLOYMENT_TARGET = 14.4;
				MTL_ENABLE_DEBUG_INFO = INCLUDE_SOURCE;
				MTL_FAST_MATH = YES;
				ONLY_ACTIVE_ARCH = YES;
				SDKROOT = iphoneos;
			};
			name = Debug;
		};
		7E8A66562833DD4700B3E4F3 /* Release */ = {
			isa = XCBuildConfiguration;
			buildSettings = {
				ALWAYS_SEARCH_USER_PATHS = NO;
				CLANG_ANALYZER_NONNULL = YES;
				CLANG_ANALYZER_NUMBER_OBJECT_CONVERSION = YES_AGGRESSIVE;
				CLANG_CXX_LANGUAGE_STANDARD = "gnu++14";
				CLANG_CXX_LIBRARY = "libc++";
				CLANG_ENABLE_MODULES = YES;
				CLANG_ENABLE_OBJC_ARC = YES;
				CLANG_ENABLE_OBJC_WEAK = YES;
				CLANG_WARN_BLOCK_CAPTURE_AUTORELEASING = YES;
				CLANG_WARN_BOOL_CONVERSION = YES;
				CLANG_WARN_COMMA = YES;
				CLANG_WARN_CONSTANT_CONVERSION = YES;
				CLANG_WARN_DEPRECATED_OBJC_IMPLEMENTATIONS = YES;
				CLANG_WARN_DIRECT_OBJC_ISA_USAGE = YES_ERROR;
				CLANG_WARN_DOCUMENTATION_COMMENTS = YES;
				CLANG_WARN_EMPTY_BODY = YES;
				CLANG_WARN_ENUM_CONVERSION = YES;
				CLANG_WARN_INFINITE_RECURSION = YES;
				CLANG_WARN_INT_CONVERSION = YES;
				CLANG_WARN_NON_LITERAL_NULL_CONVERSION = YES;
				CLANG_WARN_OBJC_IMPLICIT_RETAIN_SELF = YES;
				CLANG_WARN_OBJC_LITERAL_CONVERSION = YES;
				CLANG_WARN_OBJC_ROOT_CLASS = YES_ERROR;
				CLANG_WARN_QUOTED_INCLUDE_IN_FRAMEWORK_HEADER = YES;
				CLANG_WARN_RANGE_LOOP_ANALYSIS = YES;
				CLANG_WARN_STRICT_PROTOTYPES = YES;
				CLANG_WARN_SUSPICIOUS_MOVE = YES;
				CLANG_WARN_UNGUARDED_AVAILABILITY = YES_AGGRESSIVE;
				CLANG_WARN_UNREACHABLE_CODE = YES;
				CLANG_WARN__DUPLICATE_METHOD_MATCH = YES;
				COPY_PHASE_STRIP = NO;
				DEBUG_INFORMATION_FORMAT = "dwarf-with-dsym";
				ENABLE_NS_ASSERTIONS = NO;
				ENABLE_STRICT_OBJC_MSGSEND = YES;
				GCC_C_LANGUAGE_STANDARD = gnu11;
				GCC_NO_COMMON_BLOCKS = YES;
				GCC_WARN_64_TO_32_BIT_CONVERSION = YES;
				GCC_WARN_ABOUT_RETURN_TYPE = YES_ERROR;
				GCC_WARN_UNDECLARED_SELECTOR = YES;
				GCC_WARN_UNINITIALIZED_AUTOS = YES_AGGRESSIVE;
				GCC_WARN_UNUSED_FUNCTION = YES;
				GCC_WARN_UNUSED_VARIABLE = YES;
				IPHONEOS_DEPLOYMENT_TARGET = 14.4;
				MTL_ENABLE_DEBUG_INFO = NO;
				MTL_FAST_MATH = YES;
				SDKROOT = iphoneos;
				VALIDATE_PRODUCT = YES;
			};
			name = Release;
		};
		7E8A66582833DD4700B3E4F3 /* Debug */ = {
			isa = XCBuildConfiguration;
			buildSettings = {
				ASSETCATALOG_COMPILER_APPICON_NAME = AppIcon;
				ASSETCATALOG_COMPILER_GLOBAL_ACCENT_COLOR_NAME = AccentColor;
				CLANG_CXX_LANGUAGE_STANDARD = "gnu++17";
				CODE_SIGN_STYLE = Automatic;
				DEVELOPMENT_TEAM = P44B3LZM24;
				INFOPLIST_FILE = GlogDemo/Info.plist;
				IPHONEOS_DEPLOYMENT_TARGET = 9.0;
				LD_RUNPATH_SEARCH_PATHS = (
					"$(inherited)",
					"@executable_path/Frameworks",
				);
				OTHER_LDFLAGS = "-ObjC";
				PRODUCT_BUNDLE_IDENTIFIER = com.glog.cn.GlogDemo;
				PRODUCT_NAME = "$(TARGET_NAME)";
				TARGETED_DEVICE_FAMILY = "1,2";
			};
			name = Debug;
		};
		7E8A66592833DD4700B3E4F3 /* Release */ = {
			isa = XCBuildConfiguration;
			buildSettings = {
				ASSETCATALOG_COMPILER_APPICON_NAME = AppIcon;
				ASSETCATALOG_COMPILER_GLOBAL_ACCENT_COLOR_NAME = AccentColor;
				CLANG_CXX_LANGUAGE_STANDARD = "gnu++17";
				CODE_SIGN_STYLE = Automatic;
				DEVELOPMENT_TEAM = P44B3LZM24;
				INFOPLIST_FILE = GlogDemo/Info.plist;
				IPHONEOS_DEPLOYMENT_TARGET = 9.0;
				LD_RUNPATH_SEARCH_PATHS = (
					"$(inherited)",
					"@executable_path/Frameworks",
				);
				OTHER_LDFLAGS = "-ObjC";
				PRODUCT_BUNDLE_IDENTIFIER = com.glog.cn.GlogDemo;
				PRODUCT_NAME = "$(TARGET_NAME)";
				TARGETED_DEVICE_FAMILY = "1,2";
			};
			name = Release;
		};
		7E8A665B2833DD4700B3E4F3 /* Debug */ = {
			isa = XCBuildConfiguration;
			buildSettings = {
				BUNDLE_LOADER = "$(TEST_HOST)";
				CODE_SIGN_STYLE = Automatic;
				DEVELOPMENT_TEAM = P44B3LZM24;
				INFOPLIST_FILE = GlogDemoTests/Info.plist;
				IPHONEOS_DEPLOYMENT_TARGET = 14.4;
				LD_RUNPATH_SEARCH_PATHS = (
					"$(inherited)",
					"@executable_path/Frameworks",
					"@loader_path/Frameworks",
				);
				PRODUCT_BUNDLE_IDENTIFIER = com.glog.cn.GlogDemoTests;
				PRODUCT_NAME = "$(TARGET_NAME)";
				TARGETED_DEVICE_FAMILY = "1,2";
				TEST_HOST = "$(BUILT_PRODUCTS_DIR)/GlogDemo.app/GlogDemo";
			};
			name = Debug;
		};
		7E8A665C2833DD4700B3E4F3 /* Release */ = {
			isa = XCBuildConfiguration;
			buildSettings = {
				BUNDLE_LOADER = "$(TEST_HOST)";
				CODE_SIGN_STYLE = Automatic;
				DEVELOPMENT_TEAM = P44B3LZM24;
				INFOPLIST_FILE = GlogDemoTests/Info.plist;
				IPHONEOS_DEPLOYMENT_TARGET = 14.4;
				LD_RUNPATH_SEARCH_PATHS = (
					"$(inherited)",
					"@executable_path/Frameworks",
					"@loader_path/Frameworks",
				);
				PRODUCT_BUNDLE_IDENTIFIER = com.glog.cn.GlogDemoTests;
				PRODUCT_NAME = "$(TARGET_NAME)";
				TARGETED_DEVICE_FAMILY = "1,2";
				TEST_HOST = "$(BUILT_PRODUCTS_DIR)/GlogDemo.app/GlogDemo";
			};
			name = Release;
		};
		7E8A665E2833DD4700B3E4F3 /* Debug */ = {
			isa = XCBuildConfiguration;
			buildSettings = {
				CODE_SIGN_STYLE = Automatic;
				DEVELOPMENT_TEAM = P44B3LZM24;
				INFOPLIST_FILE = GlogDemoUITests/Info.plist;
				LD_RUNPATH_SEARCH_PATHS = (
					"$(inherited)",
					"@executable_path/Frameworks",
					"@loader_path/Frameworks",
				);
				PRODUCT_BUNDLE_IDENTIFIER = com.glog.cn.GlogDemoUITests;
				PRODUCT_NAME = "$(TARGET_NAME)";
				TARGETED_DEVICE_FAMILY = "1,2";
				TEST_TARGET_NAME = GlogDemo;
			};
			name = Debug;
		};
		7E8A665F2833DD4700B3E4F3 /* Release */ = {
			isa = XCBuildConfiguration;
			buildSettings = {
				CODE_SIGN_STYLE = Automatic;
				DEVELOPMENT_TEAM = P44B3LZM24;
				INFOPLIST_FILE = GlogDemoUITests/Info.plist;
				LD_RUNPATH_SEARCH_PATHS = (
					"$(inherited)",
					"@executable_path/Frameworks",
					"@loader_path/Frameworks",
				);
				PRODUCT_BUNDLE_IDENTIFIER = com.glog.cn.GlogDemoUITests;
				PRODUCT_NAME = "$(TARGET_NAME)";
				TARGETED_DEVICE_FAMILY = "1,2";
				TEST_TARGET_NAME = GlogDemo;
			};
			name = Release;
		};
/* End XCBuildConfiguration section */

/* Begin XCConfigurationList section */
		7E8A66232833DD3E00B3E4F3 /* Build configuration list for PBXProject "GlogDemo" */ = {
			isa = XCConfigurationList;
			buildConfigurations = (
				7E8A66552833DD4700B3E4F3 /* Debug */,
				7E8A66562833DD4700B3E4F3 /* Release */,
			);
			defaultConfigurationIsVisible = 0;
			defaultConfigurationName = Release;
		};
		7E8A66572833DD4700B3E4F3 /* Build configuration list for PBXNativeTarget "GlogDemo" */ = {
			isa = XCConfigurationList;
			buildConfigurations = (
				7E8A66582833DD4700B3E4F3 /* Debug */,
				7E8A66592833DD4700B3E4F3 /* Release */,
			);
			defaultConfigurationIsVisible = 0;
			defaultConfigurationName = Release;
		};
		7E8A665A2833DD4700B3E4F3 /* Build configuration list for PBXNativeTarget "GlogDemoTests" */ = {
			isa = XCConfigurationList;
			buildConfigurations = (
				7E8A665B2833DD4700B3E4F3 /* Debug */,
				7E8A665C2833DD4700B3E4F3 /* Release */,
			);
			defaultConfigurationIsVisible = 0;
			defaultConfigurationName = Release;
		};
		7E8A665D2833DD4700B3E4F3 /* Build configuration list for PBXNativeTarget "GlogDemoUITests" */ = {
			isa = XCConfigurationList;
			buildConfigurations = (
				7E8A665E2833DD4700B3E4F3 /* Debug */,
				7E8A665F2833DD4700B3E4F3 /* Release */,
			);
			defaultConfigurationIsVisible = 0;
			defaultConfigurationName = Release;
		};
/* End XCConfigurationList section */
	};
	rootObject = 7E8A66202833DD3E00B3E4F3 /* Project object */;
}
