// !$*UTF8*$!
{
	archiveVersion = 1;
	classes = {
	};
	objectVersion = 50;
	objects = {

/* Begin PBXBuildFile section */
		22AA48572624273300EF7BFD /* GlogBridge.mm in Sources */ = {isa = PBXBuildFile; fileRef = 22AA48562624273300EF7BFD /* GlogBridge.mm */; };
		22AA486F2624341000EF7BFD /* GlogBridge.h in CopyFiles */ = {isa = PBXBuildFile; fileRef = 22AA48552624273300EF7BFD /* GlogBridge.h */; };
		22AA487A2624376000EF7BFD /* libGlogCore.a in Frameworks */ = {isa = PBXBuildFile; fileRef = 22AA485F2624277200EF7BFD /* libGlogCore.a */; };
		22AA487C2624376B00EF7BFD /* Foundation.framework in Frameworks */ = {isa = PBXBuildFile; fileRef = 22AA487B2624376B00EF7BFD /* Foundation.framework */; };
/* End PBXBuildFile section */

/* Begin PBXContainerItemProxy section */
		22AA485E2624277200EF7BFD /* PBXContainerItemProxy */ = {
			isa = PBXContainerItemProxy;
			containerPortal = 22AA485A2624277200EF7BFD /* Core.xcodeproj */;
			proxyType = 2;
			remoteGlobalIDString = 22D398C52612FA2B008693BC;
			remoteInfo = GlogCore;
		};
		22AA48622624277A00EF7BFD /* PBXContainerItemProxy */ = {
			isa = PBXContainerItemProxy;
			containerPortal = 22AA485A2624277200EF7BFD /* Core.xcodeproj */;
			proxyType = 1;
			remoteGlobalIDString = 22D398C42612FA2B008693BC;
			remoteInfo = GlogCore;
		};
/* End PBXContainerItemProxy section */

/* Begin PBXCopyFilesBuildPhase section */
		22AA4846262426EC00EF7BFD /* CopyFiles */ = {
			isa = PBXCopyFilesBuildPhase;
			buildActionMask = 2147483647;
			dstPath = "include/$(PRODUCT_NAME)";
			dstSubfolderSpec = 16;
			files = (
				22AA486F2624341000EF7BFD /* GlogBridge.h in CopyFiles */,
			);
			runOnlyForDeploymentPostprocessing = 0;
		};
/* End PBXCopyFilesBuildPhase section */

/* Begin PBXFileReference section */
		22AA4848262426EC00EF7BFD /* libBridge.a */ = {isa = PBXFileReference; explicitFileType = archive.ar; includeInIndex = 0; path = libBridge.a; sourceTree = BUILT_PRODUCTS_DIR; };
		22AA48552624273300EF7BFD /* GlogBridge.h */ = {isa = PBXFileReference; fileEncoding = 4; lastKnownFileType = sourcecode.c.h; path = GlogBridge.h; sourceTree = "<group>"; };
		22AA48562624273300EF7BFD /* GlogBridge.mm */ = {isa = PBXFileReference; fileEncoding = 4; lastKnownFileType = sourcecode.cpp.objcpp; path = GlogBridge.mm; sourceTree = "<group>"; };
		22AA485A2624277200EF7BFD /* Core.xcodeproj */ = {isa = PBXFileReference; lastKnownFileType = "wrapper.pb-project"; name = Core.xcodeproj; path = ../../../Core/Core.xcodeproj; sourceTree = "<group>"; };
		22AA487B2624376B00EF7BFD /* Foundation.framework */ = {isa = PBXFileReference; lastKnownFileType = wrapper.framework; name = Foundation.framework; path = Platforms/MacOSX.platform/Developer/SDKs/MacOSX11.1.sdk/System/Library/Frameworks/Foundation.framework; sourceTree = DEVELOPER_DIR; };
/* End PBXFileReference section */

/* Begin PBXFrameworksBuildPhase section */
		22AA4845262426EC00EF7BFD /* Frameworks */ = {
			isa = PBXFrameworksBuildPhase;
			buildActionMask = 2147483647;
			files = (
				22AA487C2624376B00EF7BFD /* Foundation.framework in Frameworks */,
				22AA487A2624376000EF7BFD /* libGlogCore.a in Frameworks */,
			);
			runOnlyForDeploymentPostprocessing = 0;
		};
/* End PBXFrameworksBuildPhase section */

/* Begin PBXGroup section */
		22AA483F262426EC00EF7BFD = {
			isa = PBXGroup;
			children = (
				22AA485A2624277200EF7BFD /* Core.xcodeproj */,
				22AA484A262426ED00EF7BFD /* Bridge */,
				22AA4849262426EC00EF7BFD /* Products */,
				22AA48792624376000EF7BFD /* Frameworks */,
			);
			sourceTree = "<group>";
		};
		22AA4849262426EC00EF7BFD /* Products */ = {
			isa = PBXGroup;
			children = (
				22AA4848262426EC00EF7BFD /* libBridge.a */,
			);
			name = Products;
			sourceTree = "<group>";
		};
		22AA484A262426ED00EF7BFD /* Bridge */ = {
			isa = PBXGroup;
			children = (
				22AA48552624273300EF7BFD /* GlogBridge.h */,
				22AA48562624273300EF7BFD /* GlogBridge.mm */,
			);
			path = Bridge;
			sourceTree = "<group>";
		};
		22AA485B2624277200EF7BFD /* Products */ = {
			isa = PBXGroup;
			children = (
				22AA485F2624277200EF7BFD /* libGlogCore.a */,
			);
			name = Products;
			sourceTree = "<group>";
		};
		22AA48792624376000EF7BFD /* Frameworks */ = {
			isa = PBXGroup;
			children = (
				22AA487B2624376B00EF7BFD /* Foundation.framework */,
			);
			name = Frameworks;
			sourceTree = "<group>";
		};
/* End PBXGroup section */

/* Begin PBXNativeTarget section */
		22AA4847262426EC00EF7BFD /* Bridge */ = {
			isa = PBXNativeTarget;
			buildConfigurationList = 22AA4851262426ED00EF7BFD /* Build configuration list for PBXNativeTarget "Bridge" */;
			buildPhases = (
				22AA4844262426EC00EF7BFD /* Sources */,
				22AA4845262426EC00EF7BFD /* Frameworks */,
				22AA4846262426EC00EF7BFD /* CopyFiles */,
			);
			buildRules = (
			);
			dependencies = (
				22AA48632624277A00EF7BFD /* PBXTargetDependency */,
			);
			name = Bridge;
			productName = Bridge;
			productReference = 22AA4848262426EC00EF7BFD /* libBridge.a */;
			productType = "com.apple.product-type.library.static";
		};
/* End PBXNativeTarget section */

/* Begin PBXProject section */
		22AA4840262426EC00EF7BFD /* Project object */ = {
			isa = PBXProject;
			attributes = {
				LastUpgradeCheck = 1240;
				TargetAttributes = {
					22AA4847262426EC00EF7BFD = {
						CreatedOnToolsVersion = 12.4;
					};
				};
			};
			buildConfigurationList = 22AA4843262426EC00EF7BFD /* Build configuration list for PBXProject "Bridge" */;
			compatibilityVersion = "Xcode 9.3";
			developmentRegion = en;
			hasScannedForEncodings = 0;
			knownRegions = (
				en,
				Base,
			);
			mainGroup = 22AA483F262426EC00EF7BFD;
			productRefGroup = 22AA4849262426EC00EF7BFD /* Products */;
			projectDirPath = "";
			projectReferences = (
				{
					ProductGroup = 22AA485B2624277200EF7BFD /* Products */;
					ProjectRef = 22AA485A2624277200EF7BFD /* Core.xcodeproj */;
				},
			);
			projectRoot = "";
			targets = (
				22AA4847262426EC00EF7BFD /* Bridge */,
			);
		};
/* End PBXProject section */

/* Begin PBXReferenceProxy section */
		22AA485F2624277200EF7BFD /* libGlogCore.a */ = {
			isa = PBXReferenceProxy;
			fileType = archive.ar;
			path = libGlogCore.a;
			remoteRef = 22AA485E2624277200EF7BFD /* PBXContainerItemProxy */;
			sourceTree = BUILT_PRODUCTS_DIR;
		};
/* End PBXReferenceProxy section */

/* Begin PBXSourcesBuildPhase section */
		22AA4844262426EC00EF7BFD /* Sources */ = {
			isa = PBXSourcesBuildPhase;
			buildActionMask = 2147483647;
			files = (
				22AA48572624273300EF7BFD /* GlogBridge.mm in Sources */,
			);
			runOnlyForDeploymentPostprocessing = 0;
		};
/* End PBXSourcesBuildPhase section */

/* Begin PBXTargetDependency section */
		22AA48632624277A00EF7BFD /* PBXTargetDependency */ = {
			isa = PBXTargetDependency;
			name = GlogCore;
			targetProxy = 22AA48622624277A00EF7BFD /* PBXContainerItemProxy */;
		};
/* End PBXTargetDependency section */

/* Begin XCBuildConfiguration section */
		22AA484F262426ED00EF7BFD /* Debug */ = {
			isa = XCBuildConfiguration;
			buildSettings = {
				ALWAYS_SEARCH_USER_PATHS = NO;
				CLANG_ANALYZER_NONNULL = YES;
				CLANG_ANALYZER_NUMBER_OBJECT_CONVERSION = YES_AGGRESSIVE;
				CLANG_CXX_LANGUAGE_STANDARD = "gnu++14";
				CLANG_CXX_LIBRARY = "libc++";
				CLANG_ENABLE_MODULES = YES;
				CLANG_ENABLE_OBJC_ARC = YES;
				CLANG_ENABLE_OBJC_WEAK = YES;
				CLANG_WARN_BLOCK_CAPTURE_AUTORELEASING = YES;
				CLANG_WARN_BOOL_CONVERSION = YES;
				CLANG_WARN_COMMA = YES;
				CLANG_WARN_CONSTANT_CONVERSION = YES;
				CLANG_WARN_DEPRECATED_OBJC_IMPLEMENTATIONS = YES;
				CLANG_WARN_DIRECT_OBJC_ISA_USAGE = YES_ERROR;
				CLANG_WARN_DOCUMENTATION_COMMENTS = YES;
				CLANG_WARN_EMPTY_BODY = YES;
				CLANG_WARN_ENUM_CONVERSION = YES;
				CLANG_WARN_INFINITE_RECURSION = YES;
				CLANG_WARN_INT_CONVERSION = YES;
				CLANG_WARN_NON_LITERAL_NULL_CONVERSION = YES;
				CLANG_WARN_OBJC_IMPLICIT_RETAIN_SELF = YES;
				CLANG_WARN_OBJC_LITERAL_CONVERSION = YES;
				CLANG_WARN_OBJC_ROOT_CLASS = YES_ERROR;
				CLANG_WARN_QUOTED_INCLUDE_IN_FRAMEWORK_HEADER = YES;
				CLANG_WARN_RANGE_LOOP_ANALYSIS = YES;
				CLANG_WARN_STRICT_PROTOTYPES = YES;
				CLANG_WARN_SUSPICIOUS_MOVE = YES;
				CLANG_WARN_UNGUARDED_AVAILABILITY = YES_AGGRESSIVE;
				CLANG_WARN_UNREACHABLE_CODE = YES;
				CLANG_WARN__DUPLICATE_METHOD_MATCH = YES;
				COPY_PHASE_STRIP = NO;
				DEBUG_INFORMATION_FORMAT = dwarf;
				ENABLE_STRICT_OBJC_MSGSEND = YES;
				ENABLE_TESTABILITY = YES;
				GCC_C_LANGUAGE_STANDARD = gnu11;
				GCC_DYNAMIC_NO_PIC = NO;
				GCC_NO_COMMON_BLOCKS = YES;
				GCC_OPTIMIZATION_LEVEL = 0;
				GCC_PREPROCESSOR_DEFINITIONS = (
					"DEBUG=1",
					"$(inherited)",
				);
				GCC_WARN_64_TO_32_BIT_CONVERSION = YES;
				GCC_WARN_ABOUT_RETURN_TYPE = YES_ERROR;
				GCC_WARN_UNDECLARED_SELECTOR = YES;
				GCC_WARN_UNINITIALIZED_AUTOS = YES_AGGRESSIVE;
				GCC_WARN_UNUSED_FUNCTION = YES;
				GCC_WARN_UNUSED_VARIABLE = YES;
				IPHONEOS_DEPLOYMENT_TARGET = 14.4;
				MTL_ENABLE_DEBUG_INFO = INCLUDE_SOURCE;
				MTL_FAST_MATH = YES;
				ONLY_ACTIVE_ARCH = YES;
				SDKROOT = iphoneos;
			};
			name = Debug;
		};
		22AA4850262426ED00EF7BFD /* Release */ = {
			isa = XCBuildConfiguration;
			buildSettings = {
				ALWAYS_SEARCH_USER_PATHS = NO;
				CLANG_ANALYZER_NONNULL = YES;
				CLANG_ANALYZER_NUMBER_OBJECT_CONVERSION = YES_AGGRESSIVE;
				CLANG_CXX_LANGUAGE_STANDARD = "gnu++14";
				CLANG_CXX_LIBRARY = "libc++";
				CLANG_ENABLE_MODULES = YES;
				CLANG_ENABLE_OBJC_ARC = YES;
				CLANG_ENABLE_OBJC_WEAK = YES;
				CLANG_WARN_BLOCK_CAPTURE_AUTORELEASING = YES;
				CLANG_WARN_BOOL_CONVERSION = YES;
				CLANG_WARN_COMMA = YES;
				CLANG_WARN_CONSTANT_CONVERSION = YES;
				CLANG_WARN_DEPRECATED_OBJC_IMPLEMENTATIONS = YES;
				CLANG_WARN_DIRECT_OBJC_ISA_USAGE = YES_ERROR;
				CLANG_WARN_DOCUMENTATION_COMMENTS = YES;
				CLANG_WARN_EMPTY_BODY = YES;
				CLANG_WARN_ENUM_CONVERSION = YES;
				CLANG_WARN_INFINITE_RECURSION = YES;
				CLANG_WARN_INT_CONVERSION = YES;
				CLANG_WARN_NON_LITERAL_NULL_CONVERSION = YES;
				CLANG_WARN_OBJC_IMPLICIT_RETAIN_SELF = YES;
				CLANG_WARN_OBJC_LITERAL_CONVERSION = YES;
				CLANG_WARN_OBJC_ROOT_CLASS = YES_ERROR;
				CLANG_WARN_QUOTED_INCLUDE_IN_FRAMEWORK_HEADER = YES;
				CLANG_WARN_RANGE_LOOP_ANALYSIS = YES;
				CLANG_WARN_STRICT_PROTOTYPES = YES;
				CLANG_WARN_SUSPICIOUS_MOVE = YES;
				CLANG_WARN_UNGUARDED_AVAILABILITY = YES_AGGRESSIVE;
				CLANG_WARN_UNREACHABLE_CODE = YES;
				CLANG_WARN__DUPLICATE_METHOD_MATCH = YES;
				COPY_PHASE_STRIP = NO;
				DEBUG_INFORMATION_FORMAT = "dwarf-with-dsym";
				ENABLE_NS_ASSERTIONS = NO;
				ENABLE_STRICT_OBJC_MSGSEND = YES;
				GCC_C_LANGUAGE_STANDARD = gnu11;
				GCC_NO_COMMON_BLOCKS = YES;
				GCC_WARN_64_TO_32_BIT_CONVERSION = YES;
				GCC_WARN_ABOUT_RETURN_TYPE = YES_ERROR;
				GCC_WARN_UNDECLARED_SELECTOR = YES;
				GCC_WARN_UNINITIALIZED_AUTOS = YES_AGGRESSIVE;
				GCC_WARN_UNUSED_FUNCTION = YES;
				GCC_WARN_UNUSED_VARIABLE = YES;
				IPHONEOS_DEPLOYMENT_TARGET = 14.4;
				MTL_ENABLE_DEBUG_INFO = NO;
				MTL_FAST_MATH = YES;
				SDKROOT = iphoneos;
				VALIDATE_PRODUCT = YES;
			};
			name = Release;
		};
		22AA4852262426ED00EF7BFD /* Debug */ = {
			isa = XCBuildConfiguration;
			buildSettings = {
				CODE_SIGN_STYLE = Automatic;
				DEVELOPMENT_TEAM = RL7M9EPLR4;
				GCC_PREPROCESSOR_DEFINITIONS = "DEBUG=1";
				PRODUCT_NAME = "$(TARGET_NAME)";
				SKIP_INSTALL = YES;
				TARGETED_DEVICE_FAMILY = "1,2";
			};
			name = Debug;
		};
		22AA4853262426ED00EF7BFD /* Release */ = {
			isa = XCBuildConfiguration;
			buildSettings = {
				CODE_SIGN_STYLE = Automatic;
				DEVELOPMENT_TEAM = RL7M9EPLR4;
				PRODUCT_NAME = "$(TARGET_NAME)";
				SKIP_INSTALL = YES;
				TARGETED_DEVICE_FAMILY = "1,2";
			};
			name = Release;
		};
/* End XCBuildConfiguration section */

/* Begin XCConfigurationList section */
		22AA4843262426EC00EF7BFD /* Build configuration list for PBXProject "Bridge" */ = {
			isa = XCConfigurationList;
			buildConfigurations = (
				22AA484F262426ED00EF7BFD /* Debug */,
				22AA4850262426ED00EF7BFD /* Release */,
			);
			defaultConfigurationIsVisible = 0;
			defaultConfigurationName = Release;
		};
		22AA4851262426ED00EF7BFD /* Build configuration list for PBXNativeTarget "Bridge" */ = {
			isa = XCConfigurationList;
			buildConfigurations = (
				22AA4852262426ED00EF7BFD /* Debug */,
				22AA4853262426ED00EF7BFD /* Release */,
			);
			defaultConfigurationIsVisible = 0;
			defaultConfigurationName = Release;
		};
/* End XCConfigurationList section */
	};
	rootObject = 22AA4840262426EC00EF7BFD /* Project object */;
}
